// !$*UTF8*$!
{
	archiveVersion = 1;
	classes = {
	};
	objectVersion = 55;
	objects = {

/* Begin PBXBuildFile section */
		7D149F9228BA57FD00575D5A /* SearchVC.swift in Sources */ = {isa = PBXBuildFile; fileRef = 7D149F9128BA57FD00575D5A /* SearchVC.swift */; };
		7D149F9428BA582500575D5A /* FavoritesListVC.swift in Sources */ = {isa = PBXBuildFile; fileRef = 7D149F9328BA582500575D5A /* FavoritesListVC.swift */; };
		7D149F9628BA5FB400575D5A /* GAButton.swift in Sources */ = {isa = PBXBuildFile; fileRef = 7D149F9528BA5FB400575D5A /* GAButton.swift */; };
		7D149F9828BA760300575D5A /* GATextField.swift in Sources */ = {isa = PBXBuildFile; fileRef = 7D149F9728BA760200575D5A /* GATextField.swift */; };
		7D2978DC28BEC06500BC0883 /* ErrorMessage.swift in Sources */ = {isa = PBXBuildFile; fileRef = 7D2978DB28BEC06500BC0883 /* ErrorMessage.swift */; };
		7D8D4BAC28CA9D57008A05D5 /* GAItemInfoView.swift in Sources */ = {isa = PBXBuildFile; fileRef = 7D8D4BAB28CA9D57008A05D5 /* GAItemInfoView.swift */; };
		7D8D4BB028CD2AB1008A05D5 /* GAItemInfoVC.swift in Sources */ = {isa = PBXBuildFile; fileRef = 7D8D4BAF28CD2AB1008A05D5 /* GAItemInfoVC.swift */; };
		7D8D4BB228CD3A2E008A05D5 /* GARepoItemVC.swift in Sources */ = {isa = PBXBuildFile; fileRef = 7D8D4BB128CD3A2E008A05D5 /* GARepoItemVC.swift */; };
		7D8D4BB428CD3BB1008A05D5 /* GAFollowerItemVC.swift in Sources */ = {isa = PBXBuildFile; fileRef = 7D8D4BB328CD3BB1008A05D5 /* GAFollowerItemVC.swift */; };
		7DA189A828BEC38700EF645B /* FollowerCell.swift in Sources */ = {isa = PBXBuildFile; fileRef = 7DA189A728BEC38700EF645B /* FollowerCell.swift */; };
		7DA189AA28BEC3D900EF645B /* GAAvatarImageView.swift in Sources */ = {isa = PBXBuildFile; fileRef = 7DA189A928BEC3D900EF645B /* GAAvatarImageView.swift */; };
		BE0E7A3328BA8EFB00620603 /* FollowersListVC.swift in Sources */ = {isa = PBXBuildFile; fileRef = BE0E7A3228BA8EFB00620603 /* FollowersListVC.swift */; };
		BE0E7A3528BA961F00620603 /* GATitleLabel.swift in Sources */ = {isa = PBXBuildFile; fileRef = BE0E7A3428BA961F00620603 /* GATitleLabel.swift */; };
		BE0E7A3728BA9F3000620603 /* GABodyLabel.swift in Sources */ = {isa = PBXBuildFile; fileRef = BE0E7A3628BA9F3000620603 /* GABodyLabel.swift */; };
		BE0E7A3928BAA04E00620603 /* GAAlertVC.swift in Sources */ = {isa = PBXBuildFile; fileRef = BE0E7A3828BAA04E00620603 /* GAAlertVC.swift */; };
		BE0E7A3B28BAADBC00620603 /* UIViewController+Extension.swift in Sources */ = {isa = PBXBuildFile; fileRef = BE0E7A3A28BAADBC00620603 /* UIViewController+Extension.swift */; };
		BE0E7A4228BBB7DF00620603 /* Follower.swift in Sources */ = {isa = PBXBuildFile; fileRef = BE0E7A4128BBB7DF00620603 /* Follower.swift */; };
		BE0E7A4428BBB83500620603 /* User.swift in Sources */ = {isa = PBXBuildFile; fileRef = BE0E7A4328BBB83500620603 /* User.swift */; };
		BE0E7A4728BBBF6400620603 /* NetworkManagers.swift in Sources */ = {isa = PBXBuildFile; fileRef = BE0E7A4628BBBF6400620603 /* NetworkManagers.swift */; };
		BE911FBC28C99ABC00070696 /* Constants.swift in Sources */ = {isa = PBXBuildFile; fileRef = BE911FBB28C99ABC00070696 /* Constants.swift */; };
		BED90CB928BA45A0003A65EA /* AppDelegate.swift in Sources */ = {isa = PBXBuildFile; fileRef = BED90CB828BA45A0003A65EA /* AppDelegate.swift */; };
		BED90CBB28BA45A0003A65EA /* SceneDelegate.swift in Sources */ = {isa = PBXBuildFile; fileRef = BED90CBA28BA45A0003A65EA /* SceneDelegate.swift */; };
		BED90CC228BA45A3003A65EA /* Assets.xcassets in Resources */ = {isa = PBXBuildFile; fileRef = BED90CC128BA45A3003A65EA /* Assets.xcassets */; };
		BED90CC528BA45A3003A65EA /* LaunchScreen.storyboard in Resources */ = {isa = PBXBuildFile; fileRef = BED90CC328BA45A3003A65EA /* LaunchScreen.storyboard */; };
		BEFE872528C4D37800EF9E02 /* UIHelper.swift in Sources */ = {isa = PBXBuildFile; fileRef = BEFE872428C4D37800EF9E02 /* UIHelper.swift */; };
		BEFE872D28C57B6500EF9E02 /* GAEmptyStateView.swift in Sources */ = {isa = PBXBuildFile; fileRef = BEFE872C28C57B6500EF9E02 /* GAEmptyStateView.swift */; };
		BEFE878428C82A1100EF9E02 /* UserInfoVC.swift in Sources */ = {isa = PBXBuildFile; fileRef = BEFE878328C82A1000EF9E02 /* UserInfoVC.swift */; };
		BEFE878628C8FFDA00EF9E02 /* GAUserInfoHeaderVC.swift in Sources */ = {isa = PBXBuildFile; fileRef = BEFE878528C8FFDA00EF9E02 /* GAUserInfoHeaderVC.swift */; };
		BEFE878828C900E300EF9E02 /* GASecondaryTitleLabel.swift in Sources */ = {isa = PBXBuildFile; fileRef = BEFE878728C900E300EF9E02 /* GASecondaryTitleLabel.swift */; };
/* End PBXBuildFile section */

/* Begin PBXFileReference section */
		7D149F9128BA57FD00575D5A /* SearchVC.swift */ = {isa = PBXFileReference; lastKnownFileType = sourcecode.swift; path = SearchVC.swift; sourceTree = "<group>"; };
		7D149F9328BA582500575D5A /* FavoritesListVC.swift */ = {isa = PBXFileReference; lastKnownFileType = sourcecode.swift; path = FavoritesListVC.swift; sourceTree = "<group>"; };
		7D149F9528BA5FB400575D5A /* GAButton.swift */ = {isa = PBXFileReference; lastKnownFileType = sourcecode.swift; path = GAButton.swift; sourceTree = "<group>"; };
		7D149F9728BA760200575D5A /* GATextField.swift */ = {isa = PBXFileReference; lastKnownFileType = sourcecode.swift; path = GATextField.swift; sourceTree = "<group>"; };
		7D2978DB28BEC06500BC0883 /* ErrorMessage.swift */ = {isa = PBXFileReference; lastKnownFileType = sourcecode.swift; path = ErrorMessage.swift; sourceTree = "<group>"; };
		7D8D4BAB28CA9D57008A05D5 /* GAItemInfoView.swift */ = {isa = PBXFileReference; lastKnownFileType = sourcecode.swift; path = GAItemInfoView.swift; sourceTree = "<group>"; };
		7D8D4BAF28CD2AB1008A05D5 /* GAItemInfoVC.swift */ = {isa = PBXFileReference; lastKnownFileType = sourcecode.swift; path = GAItemInfoVC.swift; sourceTree = "<group>"; };
		7D8D4BB128CD3A2E008A05D5 /* GARepoItemVC.swift */ = {isa = PBXFileReference; lastKnownFileType = sourcecode.swift; path = GARepoItemVC.swift; sourceTree = "<group>"; };
		7D8D4BB328CD3BB1008A05D5 /* GAFollowerItemVC.swift */ = {isa = PBXFileReference; lastKnownFileType = sourcecode.swift; path = GAFollowerItemVC.swift; sourceTree = "<group>"; };
		7DA189A728BEC38700EF645B /* FollowerCell.swift */ = {isa = PBXFileReference; lastKnownFileType = sourcecode.swift; path = FollowerCell.swift; sourceTree = "<group>"; };
		7DA189A928BEC3D900EF645B /* GAAvatarImageView.swift */ = {isa = PBXFileReference; lastKnownFileType = sourcecode.swift; path = GAAvatarImageView.swift; sourceTree = "<group>"; };
		BE0E7A3228BA8EFB00620603 /* FollowersListVC.swift */ = {isa = PBXFileReference; lastKnownFileType = sourcecode.swift; path = FollowersListVC.swift; sourceTree = "<group>"; };
		BE0E7A3428BA961F00620603 /* GATitleLabel.swift */ = {isa = PBXFileReference; lastKnownFileType = sourcecode.swift; path = GATitleLabel.swift; sourceTree = "<group>"; };
		BE0E7A3628BA9F3000620603 /* GABodyLabel.swift */ = {isa = PBXFileReference; lastKnownFileType = sourcecode.swift; path = GABodyLabel.swift; sourceTree = "<group>"; };
		BE0E7A3828BAA04E00620603 /* GAAlertVC.swift */ = {isa = PBXFileReference; lastKnownFileType = sourcecode.swift; path = GAAlertVC.swift; sourceTree = "<group>"; };
		BE0E7A3A28BAADBC00620603 /* UIViewController+Extension.swift */ = {isa = PBXFileReference; lastKnownFileType = sourcecode.swift; path = "UIViewController+Extension.swift"; sourceTree = "<group>"; };
		BE0E7A4128BBB7DF00620603 /* Follower.swift */ = {isa = PBXFileReference; lastKnownFileType = sourcecode.swift; path = Follower.swift; sourceTree = "<group>"; };
		BE0E7A4328BBB83500620603 /* User.swift */ = {isa = PBXFileReference; lastKnownFileType = sourcecode.swift; path = User.swift; sourceTree = "<group>"; };
		BE0E7A4628BBBF6400620603 /* NetworkManagers.swift */ = {isa = PBXFileReference; lastKnownFileType = sourcecode.swift; path = NetworkManagers.swift; sourceTree = "<group>"; };
		BE911FBB28C99ABC00070696 /* Constants.swift */ = {isa = PBXFileReference; lastKnownFileType = sourcecode.swift; path = Constants.swift; sourceTree = "<group>"; };
		BED90CB528BA45A0003A65EA /* GitHubApp.app */ = {isa = PBXFileReference; explicitFileType = wrapper.application; includeInIndex = 0; path = GitHubApp.app; sourceTree = BUILT_PRODUCTS_DIR; };
		BED90CB828BA45A0003A65EA /* AppDelegate.swift */ = {isa = PBXFileReference; lastKnownFileType = sourcecode.swift; path = AppDelegate.swift; sourceTree = "<group>"; };
		BED90CBA28BA45A0003A65EA /* SceneDelegate.swift */ = {isa = PBXFileReference; lastKnownFileType = sourcecode.swift; path = SceneDelegate.swift; sourceTree = "<group>"; };
		BED90CC128BA45A3003A65EA /* Assets.xcassets */ = {isa = PBXFileReference; lastKnownFileType = folder.assetcatalog; path = Assets.xcassets; sourceTree = "<group>"; };
		BED90CC428BA45A3003A65EA /* Base */ = {isa = PBXFileReference; lastKnownFileType = file.storyboard; name = Base; path = Base.lproj/LaunchScreen.storyboard; sourceTree = "<group>"; };
		BED90CC628BA45A3003A65EA /* Info.plist */ = {isa = PBXFileReference; lastKnownFileType = text.plist.xml; path = Info.plist; sourceTree = "<group>"; };
		BEFE872428C4D37800EF9E02 /* UIHelper.swift */ = {isa = PBXFileReference; lastKnownFileType = sourcecode.swift; path = UIHelper.swift; sourceTree = "<group>"; };
		BEFE872C28C57B6500EF9E02 /* GAEmptyStateView.swift */ = {isa = PBXFileReference; lastKnownFileType = sourcecode.swift; path = GAEmptyStateView.swift; sourceTree = "<group>"; };
		BEFE878328C82A1000EF9E02 /* UserInfoVC.swift */ = {isa = PBXFileReference; lastKnownFileType = sourcecode.swift; path = UserInfoVC.swift; sourceTree = "<group>"; };
		BEFE878528C8FFDA00EF9E02 /* GAUserInfoHeaderVC.swift */ = {isa = PBXFileReference; lastKnownFileType = sourcecode.swift; path = GAUserInfoHeaderVC.swift; sourceTree = "<group>"; };
		BEFE878728C900E300EF9E02 /* GASecondaryTitleLabel.swift */ = {isa = PBXFileReference; lastKnownFileType = sourcecode.swift; path = GASecondaryTitleLabel.swift; sourceTree = "<group>"; };
/* End PBXFileReference section */

/* Begin PBXFrameworksBuildPhase section */
		BED90CB228BA45A0003A65EA /* Frameworks */ = {
			isa = PBXFrameworksBuildPhase;
			buildActionMask = 2147483647;
			files = (
			);
			runOnlyForDeploymentPostprocessing = 0;
		};
/* End PBXFrameworksBuildPhase section */

/* Begin PBXGroup section */
		7D2978DA28BEC05600BC0883 /* Utilities */ = {
			isa = PBXGroup;
			children = (
				7D2978DB28BEC06500BC0883 /* ErrorMessage.swift */,
				BEFE872428C4D37800EF9E02 /* UIHelper.swift */,
				BE911FBB28C99ABC00070696 /* Constants.swift */,
			);
			path = Utilities;
			sourceTree = "<group>";
		};
		7D8D4BB528CD3C2C008A05D5 /* ItemInfoVC */ = {
			isa = PBXGroup;
			children = (
				7D8D4BAF28CD2AB1008A05D5 /* GAItemInfoVC.swift */,
				7D8D4BB128CD3A2E008A05D5 /* GARepoItemVC.swift */,
				7D8D4BB328CD3BB1008A05D5 /* GAFollowerItemVC.swift */,
			);
			path = ItemInfoVC;
			sourceTree = "<group>";
		};
		7DA189A628BEC37900EF645B /* Cells */ = {
			isa = PBXGroup;
			children = (
				7DA189A728BEC38700EF645B /* FollowerCell.swift */,
			);
			path = Cells;
			sourceTree = "<group>";
		};
		BE0E7A3C28BAB2A700620603 /* Screens */ = {
			isa = PBXGroup;
			children = (
				7D149F9128BA57FD00575D5A /* SearchVC.swift */,
				BE0E7A3228BA8EFB00620603 /* FollowersListVC.swift */,
				7D149F9328BA582500575D5A /* FavoritesListVC.swift */,
				BEFE878328C82A1000EF9E02 /* UserInfoVC.swift */,
			);
			path = Screens;
			sourceTree = "<group>";
		};
		BE0E7A3D28BAB2DC00620603 /* Custom Views */ = {
			isa = PBXGroup;
			children = (
				BEFE872B28C5799A00EF9E02 /* Labels */,
				BEFE872A28C5794300EF9E02 /* ViewControllers */,
				BEFE872928C5793500EF9E02 /* ImageViews */,
				BEFE872828C5792700EF9E02 /* Buttons */,
				BEFE872728C5791900EF9E02 /* Textfields */,
				BEFE872628C5790300EF9E02 /* Views */,
				7DA189A628BEC37900EF645B /* Cells */,
			);
			path = "Custom Views";
			sourceTree = "<group>";
		};
		BE0E7A3E28BAB32600620603 /* Extensions */ = {
			isa = PBXGroup;
			children = (
				BE0E7A3A28BAADBC00620603 /* UIViewController+Extension.swift */,
			);
			path = Extensions;
			sourceTree = "<group>";
		};
		BE0E7A3F28BAB36100620603 /* Support */ = {
			isa = PBXGroup;
			children = (
				BED90CB828BA45A0003A65EA /* AppDelegate.swift */,
				BED90CBA28BA45A0003A65EA /* SceneDelegate.swift */,
				BED90CC128BA45A3003A65EA /* Assets.xcassets */,
				BED90CC328BA45A3003A65EA /* LaunchScreen.storyboard */,
			);
			path = Support;
			sourceTree = "<group>";
		};
		BE0E7A4028BBB7CE00620603 /* Model */ = {
			isa = PBXGroup;
			children = (
				BE0E7A4128BBB7DF00620603 /* Follower.swift */,
				BE0E7A4328BBB83500620603 /* User.swift */,
			);
			path = Model;
			sourceTree = "<group>";
		};
		BE0E7A4828BBBF7400620603 /* Managers */ = {
			isa = PBXGroup;
			children = (
				BE0E7A4628BBBF6400620603 /* NetworkManagers.swift */,
			);
			path = Managers;
			sourceTree = "<group>";
		};
		BED90CAC28BA45A0003A65EA = {
			isa = PBXGroup;
			children = (
				BED90CB728BA45A0003A65EA /* GitHubApp */,
				BED90CB628BA45A0003A65EA /* Products */,
			);
			sourceTree = "<group>";
		};
		BED90CB628BA45A0003A65EA /* Products */ = {
			isa = PBXGroup;
			children = (
				BED90CB528BA45A0003A65EA /* GitHubApp.app */,
			);
			name = Products;
			sourceTree = "<group>";
		};
		BED90CB728BA45A0003A65EA /* GitHubApp */ = {
			isa = PBXGroup;
			children = (
				BED90CC628BA45A3003A65EA /* Info.plist */,
				7D2978DA28BEC05600BC0883 /* Utilities */,
				BE0E7A4828BBBF7400620603 /* Managers */,
				BE0E7A4028BBB7CE00620603 /* Model */,
				BE0E7A3F28BAB36100620603 /* Support */,
				BE0E7A3E28BAB32600620603 /* Extensions */,
				BE0E7A3D28BAB2DC00620603 /* Custom Views */,
				BE0E7A3C28BAB2A700620603 /* Screens */,
			);
			path = GitHubApp;
			sourceTree = "<group>";
		};
		BEFE872628C5790300EF9E02 /* Views */ = {
			isa = PBXGroup;
			children = (
				BEFE872C28C57B6500EF9E02 /* GAEmptyStateView.swift */,
				7D8D4BAB28CA9D57008A05D5 /* GAItemInfoView.swift */,
			);
			name = Views;
			sourceTree = "<group>";
		};
		BEFE872728C5791900EF9E02 /* Textfields */ = {
			isa = PBXGroup;
			children = (
				7D149F9728BA760200575D5A /* GATextField.swift */,
			);
			name = Textfields;
			sourceTree = "<group>";
		};
		BEFE872828C5792700EF9E02 /* Buttons */ = {
			isa = PBXGroup;
			children = (
				7D149F9528BA5FB400575D5A /* GAButton.swift */,
			);
			path = Buttons;
			sourceTree = "<group>";
		};
		BEFE872928C5793500EF9E02 /* ImageViews */ = {
			isa = PBXGroup;
			children = (
				7DA189A928BEC3D900EF645B /* GAAvatarImageView.swift */,
			);
			name = ImageViews;
			sourceTree = "<group>";
		};
		BEFE872A28C5794300EF9E02 /* ViewControllers */ = {
			isa = PBXGroup;
			children = (
				7D8D4BB528CD3C2C008A05D5 /* ItemInfoVC */,
				BE0E7A3828BAA04E00620603 /* GAAlertVC.swift */,
				BEFE878528C8FFDA00EF9E02 /* GAUserInfoHeaderVC.swift */,
			);
			path = ViewControllers;
			sourceTree = "<group>";
		};
		BEFE872B28C5799A00EF9E02 /* Labels */ = {
			isa = PBXGroup;
			children = (
				BE0E7A3428BA961F00620603 /* GATitleLabel.swift */,
				BE0E7A3628BA9F3000620603 /* GABodyLabel.swift */,
				BEFE878728C900E300EF9E02 /* GASecondaryTitleLabel.swift */,
			);
			name = Labels;
			sourceTree = "<group>";
		};
/* End PBXGroup section */

/* Begin PBXNativeTarget section */
		BED90CB428BA45A0003A65EA /* GitHubApp */ = {
			isa = PBXNativeTarget;
			buildConfigurationList = BED90CC928BA45A3003A65EA /* Build configuration list for PBXNativeTarget "GitHubApp" */;
			buildPhases = (
				BED90CB128BA45A0003A65EA /* Sources */,
				BED90CB228BA45A0003A65EA /* Frameworks */,
				BED90CB328BA45A0003A65EA /* Resources */,
			);
			buildRules = (
			);
			dependencies = (
			);
			name = GitHubApp;
			productName = GitHubApp;
			productReference = BED90CB528BA45A0003A65EA /* GitHubApp.app */;
			productType = "com.apple.product-type.application";
		};
/* End PBXNativeTarget section */

/* Begin PBXProject section */
		BED90CAD28BA45A0003A65EA /* Project object */ = {
			isa = PBXProject;
			attributes = {
				BuildIndependentTargetsInParallel = 1;
				LastSwiftUpdateCheck = 1320;
				LastUpgradeCheck = 1320;
				TargetAttributes = {
					BED90CB428BA45A0003A65EA = {
						CreatedOnToolsVersion = 13.2.1;
					};
				};
			};
			buildConfigurationList = BED90CB028BA45A0003A65EA /* Build configuration list for PBXProject "GitHubApp" */;
			compatibilityVersion = "Xcode 13.0";
			developmentRegion = en;
			hasScannedForEncodings = 0;
			knownRegions = (
				en,
				Base,
			);
			mainGroup = BED90CAC28BA45A0003A65EA;
			productRefGroup = BED90CB628BA45A0003A65EA /* Products */;
			projectDirPath = "";
			projectRoot = "";
			targets = (
				BED90CB428BA45A0003A65EA /* GitHubApp */,
			);
		};
/* End PBXProject section */

/* Begin PBXResourcesBuildPhase section */
		BED90CB328BA45A0003A65EA /* Resources */ = {
			isa = PBXResourcesBuildPhase;
			buildActionMask = 2147483647;
			files = (
				BED90CC528BA45A3003A65EA /* LaunchScreen.storyboard in Resources */,
				BED90CC228BA45A3003A65EA /* Assets.xcassets in Resources */,
			);
			runOnlyForDeploymentPostprocessing = 0;
		};
/* End PBXResourcesBuildPhase section */

/* Begin PBXSourcesBuildPhase section */
		BED90CB128BA45A0003A65EA /* Sources */ = {
			isa = PBXSourcesBuildPhase;
			buildActionMask = 2147483647;
			files = (
				BE0E7A4428BBB83500620603 /* User.swift in Sources */,
				7D149F9228BA57FD00575D5A /* SearchVC.swift in Sources */,
				BE0E7A3B28BAADBC00620603 /* UIViewController+Extension.swift in Sources */,
				BE0E7A3928BAA04E00620603 /* GAAlertVC.swift in Sources */,
				BE0E7A3328BA8EFB00620603 /* FollowersListVC.swift in Sources */,
				BEFE872528C4D37800EF9E02 /* UIHelper.swift in Sources */,
				7D8D4BB028CD2AB1008A05D5 /* GAItemInfoVC.swift in Sources */,
				7D8D4BB228CD3A2E008A05D5 /* GARepoItemVC.swift in Sources */,
				BE911FBC28C99ABC00070696 /* Constants.swift in Sources */,
				7D149F9428BA582500575D5A /* FavoritesListVC.swift in Sources */,
				BEFE878628C8FFDA00EF9E02 /* GAUserInfoHeaderVC.swift in Sources */,
				BED90CB928BA45A0003A65EA /* AppDelegate.swift in Sources */,
				7DA189A828BEC38700EF645B /* FollowerCell.swift in Sources */,
				7D2978DC28BEC06500BC0883 /* ErrorMessage.swift in Sources */,
				BE0E7A3528BA961F00620603 /* GATitleLabel.swift in Sources */,
				7D8D4BAC28CA9D57008A05D5 /* GAItemInfoView.swift in Sources */,
				BEFE878828C900E300EF9E02 /* GASecondaryTitleLabel.swift in Sources */,
				BE0E7A4228BBB7DF00620603 /* Follower.swift in Sources */,
				BEFE872D28C57B6500EF9E02 /* GAEmptyStateView.swift in Sources */,
				7DA189AA28BEC3D900EF645B /* GAAvatarImageView.swift in Sources */,
				BE0E7A4728BBBF6400620603 /* NetworkManagers.swift in Sources */,
				7D149F9828BA760300575D5A /* GATextField.swift in Sources */,
				7D149F9628BA5FB400575D5A /* GAButton.swift in Sources */,
				BE0E7A3728BA9F3000620603 /* GABodyLabel.swift in Sources */,
				BED90CBB28BA45A0003A65EA /* SceneDelegate.swift in Sources */,
				7D8D4BB428CD3BB1008A05D5 /* GAFollowerItemVC.swift in Sources */,
				BEFE878428C82A1100EF9E02 /* UserInfoVC.swift in Sources */,
			);
			runOnlyForDeploymentPostprocessing = 0;
		};
/* End PBXSourcesBuildPhase section */

/* Begin PBXVariantGroup section */
		BED90CC328BA45A3003A65EA /* LaunchScreen.storyboard */ = {
			isa = PBXVariantGroup;
			children = (
				BED90CC428BA45A3003A65EA /* Base */,
			);
			name = LaunchScreen.storyboard;
			sourceTree = "<group>";
		};
/* End PBXVariantGroup section */

/* Begin XCBuildConfiguration section */
		BED90CC728BA45A3003A65EA /* Debug */ = {
			isa = XCBuildConfiguration;
			buildSettings = {
				ALWAYS_SEARCH_USER_PATHS = NO;
				CLANG_ANALYZER_NONNULL = YES;
				CLANG_ANALYZER_NUMBER_OBJECT_CONVERSION = YES_AGGRESSIVE;
				CLANG_CXX_LANGUAGE_STANDARD = "gnu++17";
				CLANG_CXX_LIBRARY = "libc++";
				CLANG_ENABLE_MODULES = YES;
				CLANG_ENABLE_OBJC_ARC = YES;
				CLANG_ENABLE_OBJC_WEAK = YES;
				CLANG_WARN_BLOCK_CAPTURE_AUTORELEASING = YES;
				CLANG_WARN_BOOL_CONVERSION = YES;
				CLANG_WARN_COMMA = YES;
				CLANG_WARN_CONSTANT_CONVERSION = YES;
				CLANG_WARN_DEPRECATED_OBJC_IMPLEMENTATIONS = YES;
				CLANG_WARN_DIRECT_OBJC_ISA_USAGE = YES_ERROR;
				CLANG_WARN_DOCUMENTATION_COMMENTS = YES;
				CLANG_WARN_EMPTY_BODY = YES;
				CLANG_WARN_ENUM_CONVERSION = YES;
				CLANG_WARN_INFINITE_RECURSION = YES;
				CLANG_WARN_INT_CONVERSION = YES;
				CLANG_WARN_NON_LITERAL_NULL_CONVERSION = YES;
				CLANG_WARN_OBJC_IMPLICIT_RETAIN_SELF = YES;
				CLANG_WARN_OBJC_LITERAL_CONVERSION = YES;
				CLANG_WARN_OBJC_ROOT_CLASS = YES_ERROR;
				CLANG_WARN_QUOTED_INCLUDE_IN_FRAMEWORK_HEADER = YES;
				CLANG_WARN_RANGE_LOOP_ANALYSIS = YES;
				CLANG_WARN_STRICT_PROTOTYPES = YES;
				CLANG_WARN_SUSPICIOUS_MOVE = YES;
				CLANG_WARN_UNGUARDED_AVAILABILITY = YES_AGGRESSIVE;
				CLANG_WARN_UNREACHABLE_CODE = YES;
				CLANG_WARN__DUPLICATE_METHOD_MATCH = YES;
				COPY_PHASE_STRIP = NO;
				DEBUG_INFORMATION_FORMAT = dwarf;
				ENABLE_STRICT_OBJC_MSGSEND = YES;
				ENABLE_TESTABILITY = YES;
				GCC_C_LANGUAGE_STANDARD = gnu11;
				GCC_DYNAMIC_NO_PIC = NO;
				GCC_NO_COMMON_BLOCKS = YES;
				GCC_OPTIMIZATION_LEVEL = 0;
				GCC_PREPROCESSOR_DEFINITIONS = (
					"DEBUG=1",
					"$(inherited)",
				);
				GCC_WARN_64_TO_32_BIT_CONVERSION = YES;
				GCC_WARN_ABOUT_RETURN_TYPE = YES_ERROR;
				GCC_WARN_UNDECLARED_SELECTOR = YES;
				GCC_WARN_UNINITIALIZED_AUTOS = YES_AGGRESSIVE;
				GCC_WARN_UNUSED_FUNCTION = YES;
				GCC_WARN_UNUSED_VARIABLE = YES;
				IPHONEOS_DEPLOYMENT_TARGET = 15.2;
				MTL_ENABLE_DEBUG_INFO = INCLUDE_SOURCE;
				MTL_FAST_MATH = YES;
				ONLY_ACTIVE_ARCH = YES;
				SDKROOT = iphoneos;
				SWIFT_ACTIVE_COMPILATION_CONDITIONS = DEBUG;
				SWIFT_OPTIMIZATION_LEVEL = "-Onone";
			};
			name = Debug;
		};
		BED90CC828BA45A3003A65EA /* Release */ = {
			isa = XCBuildConfiguration;
			buildSettings = {
				ALWAYS_SEARCH_USER_PATHS = NO;
				CLANG_ANALYZER_NONNULL = YES;
				CLANG_ANALYZER_NUMBER_OBJECT_CONVERSION = YES_AGGRESSIVE;
				CLANG_CXX_LANGUAGE_STANDARD = "gnu++17";
				CLANG_CXX_LIBRARY = "libc++";
				CLANG_ENABLE_MODULES = YES;
				CLANG_ENABLE_OBJC_ARC = YES;
				CLANG_ENABLE_OBJC_WEAK = YES;
				CLANG_WARN_BLOCK_CAPTURE_AUTORELEASING = YES;
				CLANG_WARN_BOOL_CONVERSION = YES;
				CLANG_WARN_COMMA = YES;
				CLANG_WARN_CONSTANT_CONVERSION = YES;
				CLANG_WARN_DEPRECATED_OBJC_IMPLEMENTATIONS = YES;
				CLANG_WARN_DIRECT_OBJC_ISA_USAGE = YES_ERROR;
				CLANG_WARN_DOCUMENTATION_COMMENTS = YES;
				CLANG_WARN_EMPTY_BODY = YES;
				CLANG_WARN_ENUM_CONVERSION = YES;
				CLANG_WARN_INFINITE_RECURSION = YES;
				CLANG_WARN_INT_CONVERSION = YES;
				CLANG_WARN_NON_LITERAL_NULL_CONVERSION = YES;
				CLANG_WARN_OBJC_IMPLICIT_RETAIN_SELF = YES;
				CLANG_WARN_OBJC_LITERAL_CONVERSION = YES;
				CLANG_WARN_OBJC_ROOT_CLASS = YES_ERROR;
				CLANG_WARN_QUOTED_INCLUDE_IN_FRAMEWORK_HEADER = YES;
				CLANG_WARN_RANGE_LOOP_ANALYSIS = YES;
				CLANG_WARN_STRICT_PROTOTYPES = YES;
				CLANG_WARN_SUSPICIOUS_MOVE = YES;
				CLANG_WARN_UNGUARDED_AVAILABILITY = YES_AGGRESSIVE;
				CLANG_WARN_UNREACHABLE_CODE = YES;
				CLANG_WARN__DUPLICATE_METHOD_MATCH = YES;
				COPY_PHASE_STRIP = NO;
				DEBUG_INFORMATION_FORMAT = "dwarf-with-dsym";
				ENABLE_NS_ASSERTIONS = NO;
				ENABLE_STRICT_OBJC_MSGSEND = YES;
				GCC_C_LANGUAGE_STANDARD = gnu11;
				GCC_NO_COMMON_BLOCKS = YES;
				GCC_WARN_64_TO_32_BIT_CONVERSION = YES;
				GCC_WARN_ABOUT_RETURN_TYPE = YES_ERROR;
				GCC_WARN_UNDECLARED_SELECTOR = YES;
				GCC_WARN_UNINITIALIZED_AUTOS = YES_AGGRESSIVE;
				GCC_WARN_UNUSED_FUNCTION = YES;
				GCC_WARN_UNUSED_VARIABLE = YES;
				IPHONEOS_DEPLOYMENT_TARGET = 15.2;
				MTL_ENABLE_DEBUG_INFO = NO;
				MTL_FAST_MATH = YES;
				SDKROOT = iphoneos;
				SWIFT_COMPILATION_MODE = wholemodule;
				SWIFT_OPTIMIZATION_LEVEL = "-O";
				VALIDATE_PRODUCT = YES;
			};
			name = Release;
		};
		BED90CCA28BA45A3003A65EA /* Debug */ = {
			isa = XCBuildConfiguration;
			buildSettings = {
				ASSETCATALOG_COMPILER_APPICON_NAME = AppIcon;
				ASSETCATALOG_COMPILER_GLOBAL_ACCENT_COLOR_NAME = AccentColor;
				CODE_SIGN_STYLE = Automatic;
				CURRENT_PROJECT_VERSION = 1;
				DEVELOPMENT_TEAM = 3JU54KZXA3;
				GENERATE_INFOPLIST_FILE = YES;
				INFOPLIST_FILE = GitHubApp/Info.plist;
				INFOPLIST_KEY_UIApplicationSupportsIndirectInputEvents = YES;
				INFOPLIST_KEY_UILaunchStoryboardName = LaunchScreen;
				INFOPLIST_KEY_UISupportedInterfaceOrientations = UIInterfaceOrientationPortrait;
				INFOPLIST_KEY_UISupportedInterfaceOrientations_iPad = "UIInterfaceOrientationPortrait UIInterfaceOrientationPortraitUpsideDown UIInterfaceOrientationLandscapeLeft UIInterfaceOrientationLandscapeRight";
				INFOPLIST_KEY_UISupportedInterfaceOrientations_iPhone = "UIInterfaceOrientationPortrait UIInterfaceOrientationLandscapeLeft UIInterfaceOrientationLandscapeRight";
				LD_RUNPATH_SEARCH_PATHS = (
					"$(inherited)",
					"@executable_path/Frameworks",
				);
				MARKETING_VERSION = 1.0;
				PRODUCT_BUNDLE_IDENTIFIER = com.macmartins.GitHubApp;
				PRODUCT_NAME = "$(TARGET_NAME)";
				SWIFT_EMIT_LOC_STRINGS = YES;
				SWIFT_VERSION = 5.0;
				TARGETED_DEVICE_FAMILY = "1,2";
			};
			name = Debug;
		};
		BED90CCB28BA45A3003A65EA /* Release */ = {
			isa = XCBuildConfiguration;
			buildSettings = {
				ASSETCATALOG_COMPILER_APPICON_NAME = AppIcon;
				ASSETCATALOG_COMPILER_GLOBAL_ACCENT_COLOR_NAME = AccentColor;
				CODE_SIGN_STYLE = Automatic;
				CURRENT_PROJECT_VERSION = 1;
				DEVELOPMENT_TEAM = 3JU54KZXA3;
				GENERATE_INFOPLIST_FILE = YES;
				INFOPLIST_FILE = GitHubApp/Info.plist;
				INFOPLIST_KEY_UIApplicationSupportsIndirectInputEvents = YES;
				INFOPLIST_KEY_UILaunchStoryboardName = LaunchScreen;
				INFOPLIST_KEY_UISupportedInterfaceOrientations = UIInterfaceOrientationPortrait;
				INFOPLIST_KEY_UISupportedInterfaceOrientations_iPad = "UIInterfaceOrientationPortrait UIInterfaceOrientationPortraitUpsideDown UIInterfaceOrientationLandscapeLeft UIInterfaceOrientationLandscapeRight";
				INFOPLIST_KEY_UISupportedInterfaceOrientations_iPhone = "UIInterfaceOrientationPortrait UIInterfaceOrientationLandscapeLeft UIInterfaceOrientationLandscapeRight";
				LD_RUNPATH_SEARCH_PATHS = (
					"$(inherited)",
					"@executable_path/Frameworks",
				);
				MARKETING_VERSION = 1.0;
				PRODUCT_BUNDLE_IDENTIFIER = com.macmartins.GitHubApp;
				PRODUCT_NAME = "$(TARGET_NAME)";
				SWIFT_EMIT_LOC_STRINGS = YES;
				SWIFT_VERSION = 5.0;
				TARGETED_DEVICE_FAMILY = "1,2";
			};
			name = Release;
		};
/* End XCBuildConfiguration section */

/* Begin XCConfigurationList section */
		BED90CB028BA45A0003A65EA /* Build configuration list for PBXProject "GitHubApp" */ = {
			isa = XCConfigurationList;
			buildConfigurations = (
				BED90CC728BA45A3003A65EA /* Debug */,
				BED90CC828BA45A3003A65EA /* Release */,
			);
			defaultConfigurationIsVisible = 0;
			defaultConfigurationName = Release;
		};
		BED90CC928BA45A3003A65EA /* Build configuration list for PBXNativeTarget "GitHubApp" */ = {
			isa = XCConfigurationList;
			buildConfigurations = (
				BED90CCA28BA45A3003A65EA /* Debug */,
				BED90CCB28BA45A3003A65EA /* Release */,
			);
			defaultConfigurationIsVisible = 0;
			defaultConfigurationName = Release;
		};
/* End XCConfigurationList section */
	};
	rootObject = BED90CAD28BA45A0003A65EA /* Project object */;
}
